
Microsoft Visual Studio Solution File, Format Version 12.00
# Visual Studio Version 16
VisualStudioVersion = 16.0.31424.327
MinimumVisualStudioVersion = 10.0.40219.1
Project("{FAE04EC0-301F-11D3-BF4B-00C04F79EFBC}") = "DCAD.MapUtilities", "DCAD.MapUtilities.csproj", "{6F686E1C-C6AA-45F2-A1EA-00835F48FAE0}"
EndProject
Global
	GlobalSection(SolutionConfigurationPlatforms) = preSolution
		Debug|Any CPU = Debug|Any CPU
		Release|Any CPU = Release|Any CPU
	EndGlobalSection
	GlobalSection(ProjectConfigurationPlatforms) = postSolution
		{6F686E1C-C6AA-45F2-A1EA-00835F48FAE0}.Debug|Any CPU.ActiveCfg = Debug|Any CPU
		{6F686E1C-C6AA-45F2-A1EA-00835F48FAE0}.Debug|Any CPU.Build.0 = Debug|Any CPU
		{6F686E1C-C6AA-45F2-A1EA-00835F48FAE0}.Release|Any CPU.ActiveCfg = Release|Any CPU
		{6F686E1C-C6AA-45F2-A1EA-00835F48FAE0}.Release|Any CPU.Build.0 = Release|Any CPU
	EndGlobalSection
	GlobalSection(SolutionProperties) = preSolution
		HideSolutionNode = FALSE
	EndGlobalSection
	GlobalSection(ExtensibilityGlobals) = postSolution
		SolutionGuid = {C1B13C57-E83A-4ED5-830E-9FA9976095AD}
	EndGlobalSection
EndGlobal
